# This file is automatically @generated by Cargo.
# It is not intended for manual editing.
[[package]]
name = "lazy_static"
version = "1.4.0"
source = "registry+https://github.com/rust-lang/crates.io-index"
checksum = "e2abad23fbc42b3700f2f279844dc832adb2b2eb069b2df918f455c4e18cc646"

[[package]]
name = "libc"
version = "0.2.91"
source = "registry+https://github.com/rust-lang/crates.io-index"
checksum = "8916b1f6ca17130ec6568feccee27c156ad12037880833a3b842a823236502e7"

[[package]]
name = "occupancy-sensor"
version = "0.1.0"
dependencies = [
 "rppal",
]

[[package]]
name = "rppal"
version = "0.11.3"
source = "git+https://github.com/golemparts/rppal.git#a1ab8277594bf065084cf27aa0bf66fc8ec0221e"
dependencies = [
 "lazy_static",
 "libc",
]
